{
  "R": {
    "Version": "4.4.0",
    "Repositories": [
      {
        "Name": "CRAN",
        "URL": "https://nexus.ssb.no/repository/packagemanager-rstudio"
      }
    ]
  },
  "Packages": {
    "MASS": {
      "Package": "MASS",
      "Version": "7.3-60.2",
      "Source": "Repository",
      "Repository": "CRAN",
      "Requirements": [
        "R",
        "grDevices",
        "graphics",
        "methods",
        "stats",
        "utils"
      ],
      "Hash": "2f342c46163b0b54d7b64d1f798e2c78"
    },
    "ReGenesees": {
      "Package": "ReGenesees",
      "Version": "2.4",
      "Source": "GitHub",
      "RemoteType": "github",
      "RemoteHost": "api.github.com",
      "RemoteUsername": "statisticsnorway",
      "RemoteRepo": "ReGenesees",
      "RemoteRef": "master",
      "RemoteSha": "7b62a06b789bee927f9509e62b4447dd28e4309c",
      "Requirements": [
        "MASS",
        "R",
        "stats"
      ],
      "Hash": "b25114d78b677b8423f1ee6cde59c2a9"
    },
    "lpSolve": {
      "Package": "lpSolve",
      "Version": "5.6.21",
      "Source": "Repository",
      "Repository": "CRAN",
      "Hash": "730a90bdc519fb0caff03df11218ddd8"
    },
    "renv": {
      "Package": "renv",
      "Version": "1.0.7",
      "Source": "Repository",
      "Repository": "RSPM",
      "Requirements": [
        "utils"
      ],
      "Hash": "397b7b2a265bc5a7a06852524dabae20"
    },
    "sampling": {
      "Package": "sampling",
      "Version": "2.10",
      "Source": "Repository",
      "Repository": "CRAN",
      "Requirements": [
        "MASS",
        "lpSolve"
      ],
      "Hash": "efbfce0667362d0ac769f920edbfb2c8"
    }
  }
}
