{
  "R": {
    "Version": "4.4.0",
    "Repositories": [
      {
        "Name": "CRAN",
        "URL": "https://nexus.ssb.no/repository/packagemanager-rstudio"
      }
    ]
  },
  "Packages": {
    "MASS": {
      "Package": "MASS",
      "Version": "7.3-60.2",
      "Source": "Repository",
      "Repository": "CRAN",
      "Requirements": [
        "R",
        "grDevices",
        "graphics",
        "methods",
        "stats",
        "utils"
      ],
      "Hash": "2f342c46163b0b54d7b64d1f798e2c78"
    },
    "ReGenesees": {
      "Package": "ReGenesees",
      "Version": "2.4",
      "Source": "GitHub",
      "RemoteType": "github",
      "RemoteHost": "api.github.com",
      "RemoteRepo": "ReGenesees",
      "RemoteUsername": "statisticsnorway",
      "RemoteRef": "HEAD",
      "RemoteSha": "9fd02440fcd45406dde9516c7b948b6e1e3d8fe4",
      "Requirements": [
        "MASS",
        "R",
        "stats"
      ],
      "Hash": "48275b59f4d47e0c82246a1fb9245848"
    },
    "lpSolve": {
      "Package": "lpSolve",
      "Version": "5.6.23",
      "Source": "Repository",
      "Repository": "CRAN",
      "Hash": "c4e64e374c4ab1e6ffda55073fd04c59"
    },
    "renv": {
      "Package": "renv",
      "Version": "1.0.7",
      "Source": "Repository",
      "Repository": "RSPM",
      "Requirements": [
        "utils"
      ],
      "Hash": "397b7b2a265bc5a7a06852524dabae20"
    },
    "sampling": {
      "Package": "sampling",
      "Version": "2.11",
      "Source": "Repository",
      "Repository": "CRAN",
      "Requirements": [
        "MASS",
        "R",
        "lpSolve",
        "utils"
      ],
      "Hash": "d956ab9eef6b3438cfbffa7664d14292"
    }
  }
}
